{
  "name": "alexa-skill-yas",
  "version": "1.0.0",
  "lockfileVersion": 1,
  "requires": true,
  "dependencies": {
    "ask-sdk-core": {
      "version": "2.3.0",
      "resolved": "https://artifactory.fmr.com/api/npm/npm-prereleases/ask-sdk-core/-/ask-sdk-core-2.3.0.tgz",
      "integrity": "sha1-DZKVkwd2qcRdnVxPkkfGSL/n/Tk=",
      "requires": {
        "ask-sdk-runtime": "^2.2.0"
      }
    },
    "ask-sdk-runtime": {
      "version": "2.2.0",
      "resolved": "https://artifactory.fmr.com/api/npm/npm-prereleases/ask-sdk-runtime/-/ask-sdk-runtime-2.2.0.tgz",
      "integrity": "sha1-ALDbvOmjYjAwRfNqT9kgJNbo4H4="
    }
  }
}
